<?xml version="1.0" encoding="utf-8"?>
<Project ToolsVersion="4.0" xmlns="http://schemas.microsoft.com/developer/msbuild/2003">
  <ItemGroup>
    <Filter Include="소스 파일">
      <UniqueIdentifier>{4FC737F1-C7A5-4376-A066-2A32D752A2FF}</UniqueIdentifier>
      <Extensions>cpp;c;cc;cxx;c++;cppm;ixx;def;odl;idl;hpj;bat;asm;asmx</Extensions>
    </Filter>
    <Filter Include="헤더 파일">
      <UniqueIdentifier>{93995380-89BD-4b04-88EB-625FBE52EBFB}</UniqueIdentifier>
      <Extensions>h;hh;hpp;hxx;h++;hm;inl;inc;ipp;xsd</Extensions>
    </Filter>
    <Filter Include="리소스 파일">
      <UniqueIdentifier>{67DA6AB6-F800-4c08-8B7A-83BB121AAD01}</UniqueIdentifier>
      <Extensions>rc;ico;cur;bmp;dlg;rc2;rct;bin;rgs;gif;jpg;jpeg;jpe;resx;tiff;tif;png;wav;mfcribbon-ms</Extensions>
    </Filter>
    <Filter Include="Core">
      <UniqueIdentifier>{5f0e3892-967c-415e-998f-e2a2dad266c9}</UniqueIdentifier>
    </Filter>
    <Filter Include="Scene">
      <UniqueIdentifier>{2bb1619c-1761-4455-ae91-3b8e58b4c120}</UniqueIdentifier>
    </Filter>
    <Filter Include="Scene\Layer">
      <UniqueIdentifier>{e00afd88-3d59-4d14-aab3-74bbffd7625d}</UniqueIdentifier>
    </Filter>
    <Filter Include="Core\Timer">
      <UniqueIdentifier>{7fbdf53d-7028-4047-ad5c-06bd4d1a2cd0}</UniqueIdentifier>
    </Filter>
    <Filter Include="Object">
      <UniqueIdentifier>{0e27c8dc-1569-4cae-a1d3-baf2a1a968de}</UniqueIdentifier>
    </Filter>
    <Filter Include="Object\MoveObj">
      <UniqueIdentifier>{0045cf64-8ee3-4607-aa8b-4e3ceee2e4c5}</UniqueIdentifier>
    </Filter>
    <Filter Include="Object\MoveObj\Player">
      <UniqueIdentifier>{82be62e4-a728-45e9-8d04-f8635b1ecd37}</UniqueIdentifier>
    </Filter>
    <Filter Include="Object\MoveObj\Monster">
      <UniqueIdentifier>{89e559cb-45bd-4f94-81ae-b17a1fb670ab}</UniqueIdentifier>
    </Filter>
    <Filter Include="Object\MoveObj\StaticObj">
      <UniqueIdentifier>{db2ebf10-7818-4c8e-964c-5cb5435934c3}</UniqueIdentifier>
    </Filter>
    <Filter Include="Object\MoveObj\Bullet">
      <UniqueIdentifier>{028bd800-b36b-4a8a-b66b-0256f238e050}</UniqueIdentifier>
    </Filter>
  </ItemGroup>
  <ItemGroup>
    <ClInclude Include="framework.h">
      <Filter>헤더 파일</Filter>
    </ClInclude>
    <ClInclude Include="targetver.h">
      <Filter>헤더 파일</Filter>
    </ClInclude>
    <ClInclude Include="Resource.h">
      <Filter>헤더 파일</Filter>
    </ClInclude>
    <ClInclude Include="Game.h">
      <Filter>헤더 파일</Filter>
    </ClInclude>
    <ClInclude Include="Core.h">
      <Filter>Core</Filter>
    </ClInclude>
    <ClInclude Include="Macro.h">
      <Filter>헤더 파일</Filter>
    </ClInclude>
    <ClInclude Include="Types.h">
      <Filter>헤더 파일</Filter>
    </ClInclude>
    <ClInclude Include="Scene\CSceneManager.h">
      <Filter>Scene</Filter>
    </ClInclude>
    <ClInclude Include="Scene\Scene.h">
      <Filter>Scene</Filter>
    </ClInclude>
    <ClInclude Include="Scene\InGameScene.h">
      <Filter>Scene</Filter>
    </ClInclude>
    <ClInclude Include="Flag.h">
      <Filter>헤더 파일</Filter>
    </ClInclude>
    <ClInclude Include="Scene\Layer.h">
      <Filter>Scene\Layer</Filter>
    </ClInclude>
    <ClInclude Include="Core\CTimer.h">
      <Filter>Core\Timer</Filter>
    </ClInclude>
    <ClInclude Include="Object\Cobj.h">
      <Filter>Object</Filter>
    </ClInclude>
    <ClInclude Include="Ref.h">
      <Filter>Core</Filter>
    </ClInclude>
    <ClInclude Include="Object\StaticObj.h">
      <Filter>Object\MoveObj\StaticObj</Filter>
    </ClInclude>
    <ClInclude Include="Object\MoveObj.h">
      <Filter>Object\MoveObj</Filter>
    </ClInclude>
    <ClInclude Include="Object\Player.h">
      <Filter>Object\MoveObj\Player</Filter>
    </ClInclude>
    <ClInclude Include="Object\Minion.h">
      <Filter>Object\MoveObj\Monster</Filter>
    </ClInclude>
    <ClInclude Include="Object\CBullet.h">
      <Filter>Object\MoveObj\Bullet</Filter>
    </ClInclude>
  </ItemGroup>
  <ItemGroup>
    <ClCompile Include="CCore.cpp">
      <Filter>Core</Filter>
    </ClCompile>
    <ClCompile Include="Scene\CSceneManager.cpp">
      <Filter>Scene</Filter>
    </ClCompile>
    <ClCompile Include="Scene\Scene.cpp">
      <Filter>Scene</Filter>
    </ClCompile>
    <ClCompile Include="Scene\InGameScene.cpp">
      <Filter>Scene</Filter>
    </ClCompile>
    <ClCompile Include="main.cpp">
      <Filter>소스 파일</Filter>
    </ClCompile>
    <ClCompile Include="Scene\Layer.cpp">
      <Filter>Scene\Layer</Filter>
    </ClCompile>
    <ClCompile Include="Core\CTimer.cpp">
      <Filter>Core\Timer</Filter>
    </ClCompile>
    <ClCompile Include="Object\Cobj.cpp">
      <Filter>Object</Filter>
    </ClCompile>
    <ClCompile Include="Ref.cpp">
      <Filter>Core</Filter>
    </ClCompile>
    <ClCompile Include="Object\StaticObj.cpp">
      <Filter>Object\MoveObj\StaticObj</Filter>
    </ClCompile>
    <ClCompile Include="Object\MoveObj.cpp">
      <Filter>Object\MoveObj</Filter>
    </ClCompile>
    <ClCompile Include="Object\Player.cpp">
      <Filter>Object\MoveObj\Player</Filter>
    </ClCompile>
    <ClCompile Include="Object\Minion.cpp">
      <Filter>Object\MoveObj\Monster</Filter>
    </ClCompile>
    <ClCompile Include="Object\CBullet.cpp">
      <Filter>Object\MoveObj\Bullet</Filter>
    </ClCompile>
  </ItemGroup>
  <ItemGroup>
    <ResourceCompile Include="4XMaker.rc">
      <Filter>리소스 파일</Filter>
    </ResourceCompile>
  </ItemGroup>
  <ItemGroup>
    <Image Include="small.ico">
      <Filter>리소스 파일</Filter>
    </Image>
    <Image Include="4XMaker.ico">
      <Filter>리소스 파일</Filter>
    </Image>
  </ItemGroup>
</Project>